// !$*UTF8*$!
{
	archiveVersion = 1;
	classes = {
	};
	objectVersion = 46;
	objects = {

/* Begin PBXBuildFile section */
		11405D911E8CEF0D00E32F95 /* AppDelegate.swift in Sources */ = {isa = PBXBuildFile; fileRef = 11405D901E8CEF0D00E32F95 /* AppDelegate.swift */; };
		11405D981E8CEF0D00E32F95 /* Assets.xcassets in Resources */ = {isa = PBXBuildFile; fileRef = 11405D971E8CEF0D00E32F95 /* Assets.xcassets */; };
		554748561E8E37040083A687 /* Localizable.strings in Resources */ = {isa = PBXBuildFile; fileRef = 554748541E8E37040083A687 /* Localizable.strings */; };
		5547485C1E8E37530083A687 /* LaunchScreen.storyboard in Resources */ = {isa = PBXBuildFile; fileRef = 5547485A1E8E37530083A687 /* LaunchScreen.storyboard */; };
		554748631E8E39700083A687 /* Login.storyboard in Resources */ = {isa = PBXBuildFile; fileRef = 554748621E8E39700083A687 /* Login.storyboard */; };
		554748651E8E3A1C0083A687 /* LoginViewController.swift in Sources */ = {isa = PBXBuildFile; fileRef = 554748641E8E3A1C0083A687 /* LoginViewController.swift */; };
/* End PBXBuildFile section */

/* Begin PBXFileReference section */
		11405D8D1E8CEF0D00E32F95 /* FDMS.app */ = {isa = PBXFileReference; explicitFileType = wrapper.application; includeInIndex = 0; path = FDMS.app; sourceTree = BUILT_PRODUCTS_DIR; };
		11405D901E8CEF0D00E32F95 /* AppDelegate.swift */ = {isa = PBXFileReference; lastKnownFileType = sourcecode.swift; path = AppDelegate.swift; sourceTree = "<group>"; };
		11405D971E8CEF0D00E32F95 /* Assets.xcassets */ = {isa = PBXFileReference; lastKnownFileType = folder.assetcatalog; path = Assets.xcassets; sourceTree = "<group>"; };
		11405D9C1E8CEF0D00E32F95 /* Info.plist */ = {isa = PBXFileReference; lastKnownFileType = text.plist.xml; path = Info.plist; sourceTree = "<group>"; };
		554748551E8E37040083A687 /* Base */ = {isa = PBXFileReference; lastKnownFileType = text.plist.strings; name = Base; path = Localizable/Base.lproj/Localizable.strings; sourceTree = "<group>"; };
		554748571E8E370C0083A687 /* en */ = {isa = PBXFileReference; lastKnownFileType = text.plist.strings; name = en; path = Localizable/en.lproj/Localizable.strings; sourceTree = "<group>"; };
		554748581E8E37140083A687 /* ja */ = {isa = PBXFileReference; lastKnownFileType = text.plist.strings; name = ja; path = Localizable/ja.lproj/Localizable.strings; sourceTree = "<group>"; };
		554748591E8E371C0083A687 /* vi */ = {isa = PBXFileReference; lastKnownFileType = text.plist.strings; name = vi; path = Localizable/vi.lproj/Localizable.strings; sourceTree = "<group>"; };
		5547485A1E8E37530083A687 /* LaunchScreen.storyboard */ = {isa = PBXFileReference; fileEncoding = 4; lastKnownFileType = file.storyboard; path = LaunchScreen.storyboard; sourceTree = "<group>"; };
		554748621E8E39700083A687 /* Login.storyboard */ = {isa = PBXFileReference; fileEncoding = 4; lastKnownFileType = file.storyboard; path = Login.storyboard; sourceTree = "<group>"; };
		554748641E8E3A1C0083A687 /* LoginViewController.swift */ = {isa = PBXFileReference; fileEncoding = 4; lastKnownFileType = sourcecode.swift; path = LoginViewController.swift; sourceTree = "<group>"; };
/* End PBXFileReference section */

/* Begin PBXFrameworksBuildPhase section */
		11405D8A1E8CEF0D00E32F95 /* Frameworks */ = {
			isa = PBXFrameworksBuildPhase;
			buildActionMask = 2147483647;
			files = (
			);
			runOnlyForDeploymentPostprocessing = 0;
		};
/* End PBXFrameworksBuildPhase section */

/* Begin PBXGroup section */
		11405D841E8CEF0D00E32F95 = {
			isa = PBXGroup;
			children = (
				11405D8F1E8CEF0D00E32F95 /* FDMS */,
				11405D8E1E8CEF0D00E32F95 /* Products */,
			);
			sourceTree = "<group>";
		};
		11405D8E1E8CEF0D00E32F95 /* Products */ = {
			isa = PBXGroup;
			children = (
				11405D8D1E8CEF0D00E32F95 /* FDMS.app */,
			);
			name = Products;
			sourceTree = "<group>";
		};
		11405D8F1E8CEF0D00E32F95 /* FDMS */ = {
			isa = PBXGroup;
			children = (
				554748421E8E33E60083A687 /* Extensions */,
				554748441E8E33E60083A687 /* Services */,
				554748431E8E33E60083A687 /* Models */,
				554748451E8E33E60083A687 /* Storyboards */,
				554748471E8E33E60083A687 /* ViewControllers */,
				554748461E8E33E60083A687 /* SupportedFiles */,
				5547485A1E8E37530083A687 /* LaunchScreen.storyboard */,
				11405D901E8CEF0D00E32F95 /* AppDelegate.swift */,
				11405D971E8CEF0D00E32F95 /* Assets.xcassets */,
				11405D9C1E8CEF0D00E32F95 /* Info.plist */,
			);
			path = FDMS;
			sourceTree = "<group>";
		};
		554748421E8E33E60083A687 /* Extensions */ = {
			isa = PBXGroup;
			children = (
			);
			path = Extensions;
			sourceTree = "<group>";
		};
		554748431E8E33E60083A687 /* Models */ = {
			isa = PBXGroup;
			children = (
			);
			path = Models;
			sourceTree = "<group>";
		};
		554748441E8E33E60083A687 /* Services */ = {
			isa = PBXGroup;
			children = (
			);
			path = Services;
			sourceTree = "<group>";
		};
		554748451E8E33E60083A687 /* Storyboards */ = {
			isa = PBXGroup;
			children = (
				554748621E8E39700083A687 /* Login.storyboard */,
			);
			path = Storyboards;
			sourceTree = "<group>";
		};
		554748461E8E33E60083A687 /* SupportedFiles */ = {
			isa = PBXGroup;
			children = (
				554748541E8E37040083A687 /* Localizable.strings */,
			);
			path = SupportedFiles;
			sourceTree = "<group>";
		};
		554748471E8E33E60083A687 /* ViewControllers */ = {
			isa = PBXGroup;
			children = (
				554748641E8E3A1C0083A687 /* LoginViewController.swift */,
			);
			path = ViewControllers;
			sourceTree = "<group>";
		};
/* End PBXGroup section */

/* Begin PBXNativeTarget section */
		11405D8C1E8CEF0D00E32F95 /* FDMS */ = {
			isa = PBXNativeTarget;
			buildConfigurationList = 11405D9F1E8CEF0D00E32F95 /* Build configuration list for PBXNativeTarget "FDMS" */;
			buildPhases = (
				11405D891E8CEF0D00E32F95 /* Sources */,
				11405D8A1E8CEF0D00E32F95 /* Frameworks */,
				11405D8B1E8CEF0D00E32F95 /* Resources */,
			);
			buildRules = (
			);
			dependencies = (
			);
			name = FDMS;
			productName = FDMS;
			productReference = 11405D8D1E8CEF0D00E32F95 /* FDMS.app */;
			productType = "com.apple.product-type.application";
		};
/* End PBXNativeTarget section */

/* Begin PBXProject section */
		11405D851E8CEF0D00E32F95 /* Project object */ = {
			isa = PBXProject;
			attributes = {
				LastSwiftUpdateCheck = 0830;
				LastUpgradeCheck = 0830;
				ORGANIZATIONNAME = Framgia;
				TargetAttributes = {
					11405D8C1E8CEF0D00E32F95 = {
						CreatedOnToolsVersion = 8.3;
						ProvisioningStyle = Automatic;
					};
				};
			};
			buildConfigurationList = 11405D881E8CEF0D00E32F95 /* Build configuration list for PBXProject "FDMS" */;
			compatibilityVersion = "Xcode 3.2";
			developmentRegion = English;
			hasScannedForEncodings = 0;
			knownRegions = (
				en,
				Base,
				vi,
				ja,
			);
			mainGroup = 11405D841E8CEF0D00E32F95;
			productRefGroup = 11405D8E1E8CEF0D00E32F95 /* Products */;
			projectDirPath = "";
			projectRoot = "";
			targets = (
				11405D8C1E8CEF0D00E32F95 /* FDMS */,
			);
		};
/* End PBXProject section */

/* Begin PBXResourcesBuildPhase section */
		11405D8B1E8CEF0D00E32F95 /* Resources */ = {
			isa = PBXResourcesBuildPhase;
			buildActionMask = 2147483647;
			files = (
				554748631E8E39700083A687 /* Login.storyboard in Resources */,
				5547485C1E8E37530083A687 /* LaunchScreen.storyboard in Resources */,
				554748561E8E37040083A687 /* Localizable.strings in Resources */,
				11405D981E8CEF0D00E32F95 /* Assets.xcassets in Resources */,
			);
			runOnlyForDeploymentPostprocessing = 0;
		};
/* End PBXResourcesBuildPhase section */

/* Begin PBXSourcesBuildPhase section */
		11405D891E8CEF0D00E32F95 /* Sources */ = {
			isa = PBXSourcesBuildPhase;
			buildActionMask = 2147483647;
			files = (
				554748651E8E3A1C0083A687 /* LoginViewController.swift in Sources */,
				11405D911E8CEF0D00E32F95 /* AppDelegate.swift in Sources */,
			);
			runOnlyForDeploymentPostprocessing = 0;
		};
/* End PBXSourcesBuildPhase section */

/* Begin PBXVariantGroup section */
		554748541E8E37040083A687 /* Localizable.strings */ = {
			isa = PBXVariantGroup;
			children = (
				554748551E8E37040083A687 /* Base */,
				554748571E8E370C0083A687 /* en */,
				554748581E8E37140083A687 /* ja */,
				554748591E8E371C0083A687 /* vi */,
			);
			name = Localizable.strings;
			sourceTree = "<group>";
		};
/* End PBXVariantGroup section */

/* Begin XCBuildConfiguration section */
		11405D9D1E8CEF0D00E32F95 /* Debug */ = {
			isa = XCBuildConfiguration;
			buildSettings = {
				ALWAYS_SEARCH_USER_PATHS = NO;
				CLANG_ANALYZER_LOCALIZABILITY_NONLOCALIZED = YES;
				CLANG_ANALYZER_NONNULL = YES;
				CLANG_ANALYZER_NUMBER_OBJECT_CONVERSION = YES_AGGRESSIVE;
				CLANG_CXX_LANGUAGE_STANDARD = "gnu++0x";
				CLANG_CXX_LIBRARY = "libc++";
				CLANG_ENABLE_MODULES = YES;
				CLANG_ENABLE_OBJC_ARC = YES;
				CLANG_WARN_BOOL_CONVERSION = YES;
				CLANG_WARN_CONSTANT_CONVERSION = YES;
				CLANG_WARN_DIRECT_OBJC_ISA_USAGE = YES_ERROR;
				CLANG_WARN_DOCUMENTATION_COMMENTS = YES;
				CLANG_WARN_EMPTY_BODY = YES;
				CLANG_WARN_ENUM_CONVERSION = YES;
				CLANG_WARN_INFINITE_RECURSION = YES;
				CLANG_WARN_INT_CONVERSION = YES;
				CLANG_WARN_OBJC_ROOT_CLASS = YES_ERROR;
				CLANG_WARN_SUSPICIOUS_MOVE = YES;
				CLANG_WARN_UNREACHABLE_CODE = YES;
				CLANG_WARN__DUPLICATE_METHOD_MATCH = YES;
				"CODE_SIGN_IDENTITY[sdk=iphoneos*]" = "iPhone Developer";
				COPY_PHASE_STRIP = NO;
				DEBUG_INFORMATION_FORMAT = dwarf;
				ENABLE_STRICT_OBJC_MSGSEND = YES;
				ENABLE_TESTABILITY = YES;
				GCC_C_LANGUAGE_STANDARD = gnu99;
				GCC_DYNAMIC_NO_PIC = NO;
				GCC_NO_COMMON_BLOCKS = YES;
				GCC_OPTIMIZATION_LEVEL = 0;
				GCC_PREPROCESSOR_DEFINITIONS = (
					"DEBUG=1",
					"$(inherited)",
				);
				GCC_WARN_64_TO_32_BIT_CONVERSION = YES;
				GCC_WARN_ABOUT_RETURN_TYPE = YES_ERROR;
				GCC_WARN_UNDECLARED_SELECTOR = YES;
				GCC_WARN_UNINITIALIZED_AUTOS = YES_AGGRESSIVE;
				GCC_WARN_UNUSED_FUNCTION = YES;
				GCC_WARN_UNUSED_VARIABLE = YES;
				IPHONEOS_DEPLOYMENT_TARGET = 10.3;
				MTL_ENABLE_DEBUG_INFO = YES;
				ONLY_ACTIVE_ARCH = YES;
				SDKROOT = iphoneos;
				SWIFT_ACTIVE_COMPILATION_CONDITIONS = DEBUG;
				SWIFT_OPTIMIZATION_LEVEL = "-Onone";
				TARGETED_DEVICE_FAMILY = "1,2";
			};
			name = Debug;
		};
		11405D9E1E8CEF0D00E32F95 /* Release */ = {
			isa = XCBuildConfiguration;
			buildSettings = {
				ALWAYS_SEARCH_USER_PATHS = NO;
				CLANG_ANALYZER_LOCALIZABILITY_NONLOCALIZED = YES;
				CLANG_ANALYZER_NONNULL = YES;
				CLANG_ANALYZER_NUMBER_OBJECT_CONVERSION = YES_AGGRESSIVE;
				CLANG_CXX_LANGUAGE_STANDARD = "gnu++0x";
				CLANG_CXX_LIBRARY = "libc++";
				CLANG_ENABLE_MODULES = YES;
				CLANG_ENABLE_OBJC_ARC = YES;
				CLANG_WARN_BOOL_CONVERSION = YES;
				CLANG_WARN_CONSTANT_CONVERSION = YES;
				CLANG_WARN_DIRECT_OBJC_ISA_USAGE = YES_ERROR;
				CLANG_WARN_DOCUMENTATION_COMMENTS = YES;
				CLANG_WARN_EMPTY_BODY = YES;
				CLANG_WARN_ENUM_CONVERSION = YES;
				CLANG_WARN_INFINITE_RECURSION = YES;
				CLANG_WARN_INT_CONVERSION = YES;
				CLANG_WARN_OBJC_ROOT_CLASS = YES_ERROR;
				CLANG_WARN_SUSPICIOUS_MOVE = YES;
				CLANG_WARN_UNREACHABLE_CODE = YES;
				CLANG_WARN__DUPLICATE_METHOD_MATCH = YES;
				"CODE_SIGN_IDENTITY[sdk=iphoneos*]" = "iPhone Developer";
				COPY_PHASE_STRIP = NO;
				DEBUG_INFORMATION_FORMAT = "dwarf-with-dsym";
				ENABLE_NS_ASSERTIONS = NO;
				ENABLE_STRICT_OBJC_MSGSEND = YES;
				GCC_C_LANGUAGE_STANDARD = gnu99;
				GCC_NO_COMMON_BLOCKS = YES;
				GCC_WARN_64_TO_32_BIT_CONVERSION = YES;
				GCC_WARN_ABOUT_RETURN_TYPE = YES_ERROR;
				GCC_WARN_UNDECLARED_SELECTOR = YES;
				GCC_WARN_UNINITIALIZED_AUTOS = YES_AGGRESSIVE;
				GCC_WARN_UNUSED_FUNCTION = YES;
				GCC_WARN_UNUSED_VARIABLE = YES;
				IPHONEOS_DEPLOYMENT_TARGET = 10.3;
				MTL_ENABLE_DEBUG_INFO = NO;
				SDKROOT = iphoneos;
				SWIFT_OPTIMIZATION_LEVEL = "-Owholemodule";
				TARGETED_DEVICE_FAMILY = "1,2";
				VALIDATE_PRODUCT = YES;
			};
			name = Release;
		};
		11405DA01E8CEF0D00E32F95 /* Debug */ = {
			isa = XCBuildConfiguration;
			buildSettings = {
				ASSETCATALOG_COMPILER_APPICON_NAME = AppIcon;
				INFOPLIST_FILE = FDMS/Info.plist;
				IPHONEOS_DEPLOYMENT_TARGET = 8.0;
				LD_RUNPATH_SEARCH_PATHS = "$(inherited) @executable_path/Frameworks";
				PRODUCT_BUNDLE_IDENTIFIER = com.framgia.FDMS;
				PRODUCT_NAME = "$(TARGET_NAME)";
				SWIFT_VERSION = 3.0;
				TARGETED_DEVICE_FAMILY = 1;
			};
			name = Debug;
		};
		11405DA11E8CEF0D00E32F95 /* Release */ = {
			isa = XCBuildConfiguration;
			buildSettings = {
				ASSETCATALOG_COMPILER_APPICON_NAME = AppIcon;
				INFOPLIST_FILE = FDMS/Info.plist;
				IPHONEOS_DEPLOYMENT_TARGET = 8.0;
				LD_RUNPATH_SEARCH_PATHS = "$(inherited) @executable_path/Frameworks";
				PRODUCT_BUNDLE_IDENTIFIER = com.framgia.FDMS;
				PRODUCT_NAME = "$(TARGET_NAME)";
				SWIFT_VERSION = 3.0;
				TARGETED_DEVICE_FAMILY = 1;
			};
			name = Release;
		};
/* End XCBuildConfiguration section */

/* Begin XCConfigurationList section */
		11405D881E8CEF0D00E32F95 /* Build configuration list for PBXProject "FDMS" */ = {
			isa = XCConfigurationList;
			buildConfigurations = (
				11405D9D1E8CEF0D00E32F95 /* Debug */,
				11405D9E1E8CEF0D00E32F95 /* Release */,
			);
			defaultConfigurationIsVisible = 0;
			defaultConfigurationName = Release;
		};
		11405D9F1E8CEF0D00E32F95 /* Build configuration list for PBXNativeTarget "FDMS" */ = {
			isa = XCConfigurationList;
			buildConfigurations = (
				11405DA01E8CEF0D00E32F95 /* Debug */,
				11405DA11E8CEF0D00E32F95 /* Release */,
			);
			defaultConfigurationIsVisible = 0;
			defaultConfigurationName = Release;
		};
/* End XCConfigurationList section */
	};
	rootObject = 11405D851E8CEF0D00E32F95 /* Project object */;
}
