// !$*UTF8*$!
{
	archiveVersion = 1;
	classes = {
	};
	objectVersion = 46;
	objects = {

/* Begin PBXBuildFile section */
		082C3BC81E976384008A4B81 /* FogetPasswordTableVC.swift in Sources */ = {isa = PBXBuildFile; fileRef = 082C3BC71E976384008A4B81 /* FogetPasswordTableVC.swift */; };
		0863A3261EA062CC00039AAF /* UIViewController+Extension.swift in Sources */ = {isa = PBXBuildFile; fileRef = 0863A3251EA062CC00039AAF /* UIViewController+Extension.swift */; };
		086A11001E9DE36E0007CA6A /* ManageRequest.storyboard in Resources */ = {isa = PBXBuildFile; fileRef = 086A10FF1E9DE36E0007CA6A /* ManageRequest.storyboard */; };
		086AEE0C1E9F294D00D69F5E /* ListRequestTableVC.swift in Sources */ = {isa = PBXBuildFile; fileRef = 086AEE081E9F294D00D69F5E /* ListRequestTableVC.swift */; };
		086AEE0F1E9F294D00D69F5E /* RequestDetailVC.swift in Sources */ = {isa = PBXBuildFile; fileRef = 086AEE0B1E9F294D00D69F5E /* RequestDetailVC.swift */; };
		086AEE121E9F298E00D69F5E /* DeviceRequestCell.swift in Sources */ = {isa = PBXBuildFile; fileRef = 086AEE111E9F298E00D69F5E /* DeviceRequestCell.swift */; };
		086AEE181E9F2AFD00D69F5E /* ManageRequestVC.swift in Sources */ = {isa = PBXBuildFile; fileRef = 086AEE171E9F2AFD00D69F5E /* ManageRequestVC.swift */; };
		086AEE1B1E9F5A4D00D69F5E /* InfoDeviceRequestCell.swift in Sources */ = {isa = PBXBuildFile; fileRef = 086AEE191E9F5A4D00D69F5E /* InfoDeviceRequestCell.swift */; };
		086AEE1C1E9F5A4D00D69F5E /* InfoDeviceRequestCell.xib in Resources */ = {isa = PBXBuildFile; fileRef = 086AEE1A1E9F5A4D00D69F5E /* InfoDeviceRequestCell.xib */; };
		086AEE1E1E9F660400D69F5E /* NewRequestVC.swift in Sources */ = {isa = PBXBuildFile; fileRef = 086AEE1D1E9F660400D69F5E /* NewRequestVC.swift */; };
		086AEE201E9F8BB100D69F5E /* AddRequestDeviceVC.swift in Sources */ = {isa = PBXBuildFile; fileRef = 086AEE1F1E9F8BB100D69F5E /* AddRequestDeviceVC.swift */; };
		0891D77D1E9B466000400F3C /* ButtonCell.swift in Sources */ = {isa = PBXBuildFile; fileRef = 0891D77B1E9B466000400F3C /* ButtonCell.swift */; };
		0891D77E1E9B466000400F3C /* ButtonCell.xib in Resources */ = {isa = PBXBuildFile; fileRef = 0891D77C1E9B466000400F3C /* ButtonCell.xib */; };
		0891D7851E9B6B3C00400F3C /* Constants.swift in Sources */ = {isa = PBXBuildFile; fileRef = 0891D7841E9B6B3C00400F3C /* Constants.swift */; };
		11405D911E8CEF0D00E32F95 /* AppDelegate.swift in Sources */ = {isa = PBXBuildFile; fileRef = 11405D901E8CEF0D00E32F95 /* AppDelegate.swift */; };
		11405D981E8CEF0D00E32F95 /* Assets.xcassets in Resources */ = {isa = PBXBuildFile; fileRef = 11405D971E8CEF0D00E32F95 /* Assets.xcassets */; };
		11577D081E9DC8E000DE7E22 /* DeviceEditVC.swift in Sources */ = {isa = PBXBuildFile; fileRef = 11577D031E9DC8E000DE7E22 /* DeviceEditVC.swift */; };
		11577D091E9DC8E000DE7E22 /* DeviceHistoryVC.swift in Sources */ = {isa = PBXBuildFile; fileRef = 11577D041E9DC8E000DE7E22 /* DeviceHistoryVC.swift */; };
		11577D0A1E9DC8E000DE7E22 /* DeviceInfoContainerVC.swift in Sources */ = {isa = PBXBuildFile; fileRef = 11577D051E9DC8E000DE7E22 /* DeviceInfoContainerVC.swift */; };
		11577D0E1E9DC94C00DE7E22 /* DeviceUsingVC.swift in Sources */ = {isa = PBXBuildFile; fileRef = 11577D0D1E9DC94C00DE7E22 /* DeviceUsingVC.swift */; };
		11577D121E9DD8E600DE7E22 /* Device.storyboard in Resources */ = {isa = PBXBuildFile; fileRef = 11577D111E9DD8E600DE7E22 /* Device.storyboard */; };
		11577D141E9DDE8600DE7E22 /* DeviceInfoVC.swift in Sources */ = {isa = PBXBuildFile; fileRef = 11577D131E9DDE8600DE7E22 /* DeviceInfoVC.swift */; };
		11577D161E9DE8EF00DE7E22 /* String+Extension.swift in Sources */ = {isa = PBXBuildFile; fileRef = 11577D151E9DE8EF00DE7E22 /* String+Extension.swift */; };
		115A18FE1E9769C200F828B0 /* WindowManager.swift in Sources */ = {isa = PBXBuildFile; fileRef = 115A18FD1E9769C200F828B0 /* WindowManager.swift */; };
		554748561E8E37040083A687 /* Localizable.strings in Resources */ = {isa = PBXBuildFile; fileRef = 554748541E8E37040083A687 /* Localizable.strings */; };
		554748631E8E39700083A687 /* Main.storyboard in Resources */ = {isa = PBXBuildFile; fileRef = 554748621E8E39700083A687 /* Main.storyboard */; };
		554748691E8E434A0083A687 /* LoginTableVC.swift in Sources */ = {isa = PBXBuildFile; fileRef = 554748681E8E434A0083A687 /* LoginTableVC.swift */; };
		5547486B1E8E4BB80083A687 /* UIView+Extension.swift in Sources */ = {isa = PBXBuildFile; fileRef = 5547486A1E8E4BB80083A687 /* UIView+Extension.swift */; };
		555E44BB1E91FDC900153C61 /* LaunchScreen.storyboard in Resources */ = {isa = PBXBuildFile; fileRef = 555E44BA1E91FDC900153C61 /* LaunchScreen.storyboard */; };
		555E44BD1E91FE8E00153C61 /* MainTabBarController.swift in Sources */ = {isa = PBXBuildFile; fileRef = 555E44BC1E91FE8E00153C61 /* MainTabBarController.swift */; };
		555E44C11E91FFD700153C61 /* UIStoryboard+Extension.swift in Sources */ = {isa = PBXBuildFile; fileRef = 555E44C01E91FFD700153C61 /* UIStoryboard+Extension.swift */; };
		555E44C41E9200E900153C61 /* MiddleButton.xib in Resources */ = {isa = PBXBuildFile; fileRef = 555E44C31E9200E900153C61 /* MiddleButton.xib */; };
		555E44C61E92041500153C61 /* MiddleButton.swift in Sources */ = {isa = PBXBuildFile; fileRef = 555E44C51E92041500153C61 /* MiddleButton.swift */; };
		555E44C81E920BE900153C61 /* DashboardTableVC.swift in Sources */ = {isa = PBXBuildFile; fileRef = 555E44C71E920BE900153C61 /* DashboardTableVC.swift */; };
		C3D0F93851139161328E7A06 /* Pods_FDMS.framework in Frameworks */ = {isa = PBXBuildFile; fileRef = E1A1012508709A5EA0EDF8A2 /* Pods_FDMS.framework */; };
/* End PBXBuildFile section */

/* Begin PBXFileReference section */
		082C3BC71E976384008A4B81 /* FogetPasswordTableVC.swift */ = {isa = PBXFileReference; fileEncoding = 4; lastKnownFileType = sourcecode.swift; path = FogetPasswordTableVC.swift; sourceTree = "<group>"; };
		0863A3251EA062CC00039AAF /* UIViewController+Extension.swift */ = {isa = PBXFileReference; fileEncoding = 4; lastKnownFileType = sourcecode.swift; path = "UIViewController+Extension.swift"; sourceTree = "<group>"; };
		086A10FF1E9DE36E0007CA6A /* ManageRequest.storyboard */ = {isa = PBXFileReference; fileEncoding = 4; lastKnownFileType = file.storyboard; path = ManageRequest.storyboard; sourceTree = "<group>"; };
		086AEE081E9F294D00D69F5E /* ListRequestTableVC.swift */ = {isa = PBXFileReference; fileEncoding = 4; lastKnownFileType = sourcecode.swift; path = ListRequestTableVC.swift; sourceTree = "<group>"; };
		086AEE0B1E9F294D00D69F5E /* RequestDetailVC.swift */ = {isa = PBXFileReference; fileEncoding = 4; lastKnownFileType = sourcecode.swift; path = RequestDetailVC.swift; sourceTree = "<group>"; };
		086AEE111E9F298E00D69F5E /* DeviceRequestCell.swift */ = {isa = PBXFileReference; fileEncoding = 4; lastKnownFileType = sourcecode.swift; path = DeviceRequestCell.swift; sourceTree = "<group>"; };
		086AEE171E9F2AFD00D69F5E /* ManageRequestVC.swift */ = {isa = PBXFileReference; fileEncoding = 4; lastKnownFileType = sourcecode.swift; path = ManageRequestVC.swift; sourceTree = "<group>"; };
		086AEE191E9F5A4D00D69F5E /* InfoDeviceRequestCell.swift */ = {isa = PBXFileReference; fileEncoding = 4; lastKnownFileType = sourcecode.swift; path = InfoDeviceRequestCell.swift; sourceTree = "<group>"; };
		086AEE1A1E9F5A4D00D69F5E /* InfoDeviceRequestCell.xib */ = {isa = PBXFileReference; fileEncoding = 4; lastKnownFileType = file.xib; path = InfoDeviceRequestCell.xib; sourceTree = "<group>"; };
		086AEE1D1E9F660400D69F5E /* NewRequestVC.swift */ = {isa = PBXFileReference; fileEncoding = 4; lastKnownFileType = sourcecode.swift; path = NewRequestVC.swift; sourceTree = "<group>"; };
		086AEE1F1E9F8BB100D69F5E /* AddRequestDeviceVC.swift */ = {isa = PBXFileReference; fileEncoding = 4; lastKnownFileType = sourcecode.swift; path = AddRequestDeviceVC.swift; sourceTree = "<group>"; };
		0891D77B1E9B466000400F3C /* ButtonCell.swift */ = {isa = PBXFileReference; fileEncoding = 4; lastKnownFileType = sourcecode.swift; path = ButtonCell.swift; sourceTree = "<group>"; };
		0891D77C1E9B466000400F3C /* ButtonCell.xib */ = {isa = PBXFileReference; fileEncoding = 4; lastKnownFileType = file.xib; path = ButtonCell.xib; sourceTree = "<group>"; };
		0891D7841E9B6B3C00400F3C /* Constants.swift */ = {isa = PBXFileReference; fileEncoding = 4; lastKnownFileType = sourcecode.swift; path = Constants.swift; sourceTree = "<group>"; };
		11405D8D1E8CEF0D00E32F95 /* FDMS.app */ = {isa = PBXFileReference; explicitFileType = wrapper.application; includeInIndex = 0; path = FDMS.app; sourceTree = BUILT_PRODUCTS_DIR; };
		11405D901E8CEF0D00E32F95 /* AppDelegate.swift */ = {isa = PBXFileReference; lastKnownFileType = sourcecode.swift; path = AppDelegate.swift; sourceTree = "<group>"; };
		11405D971E8CEF0D00E32F95 /* Assets.xcassets */ = {isa = PBXFileReference; lastKnownFileType = folder.assetcatalog; path = Assets.xcassets; sourceTree = "<group>"; };
		11405D9C1E8CEF0D00E32F95 /* Info.plist */ = {isa = PBXFileReference; lastKnownFileType = text.plist.xml; path = Info.plist; sourceTree = "<group>"; };
		11577D031E9DC8E000DE7E22 /* DeviceEditVC.swift */ = {isa = PBXFileReference; fileEncoding = 4; lastKnownFileType = sourcecode.swift; path = DeviceEditVC.swift; sourceTree = "<group>"; };
		11577D041E9DC8E000DE7E22 /* DeviceHistoryVC.swift */ = {isa = PBXFileReference; fileEncoding = 4; lastKnownFileType = sourcecode.swift; path = DeviceHistoryVC.swift; sourceTree = "<group>"; };
		11577D051E9DC8E000DE7E22 /* DeviceInfoContainerVC.swift */ = {isa = PBXFileReference; fileEncoding = 4; lastKnownFileType = sourcecode.swift; path = DeviceInfoContainerVC.swift; sourceTree = "<group>"; };
		11577D071E9DC8E000DE7E22 /* DeviceManagementVC.swift */ = {isa = PBXFileReference; fileEncoding = 4; lastKnownFileType = sourcecode.swift; path = DeviceManagementVC.swift; sourceTree = "<group>"; };
		11577D0D1E9DC94C00DE7E22 /* DeviceUsingVC.swift */ = {isa = PBXFileReference; fileEncoding = 4; lastKnownFileType = sourcecode.swift; path = DeviceUsingVC.swift; sourceTree = "<group>"; };
		11577D111E9DD8E600DE7E22 /* Device.storyboard */ = {isa = PBXFileReference; fileEncoding = 4; lastKnownFileType = file.storyboard; path = Device.storyboard; sourceTree = "<group>"; };
		11577D131E9DDE8600DE7E22 /* DeviceInfoVC.swift */ = {isa = PBXFileReference; fileEncoding = 4; lastKnownFileType = sourcecode.swift; path = DeviceInfoVC.swift; sourceTree = "<group>"; };
		11577D151E9DE8EF00DE7E22 /* String+Extension.swift */ = {isa = PBXFileReference; fileEncoding = 4; lastKnownFileType = sourcecode.swift; path = "String+Extension.swift"; sourceTree = "<group>"; };
		115A18FD1E9769C200F828B0 /* WindowManager.swift */ = {isa = PBXFileReference; fileEncoding = 4; lastKnownFileType = sourcecode.swift; path = WindowManager.swift; sourceTree = "<group>"; };
		1D13EFA9067D9DEFF37DC5D2 /* Pods-FDMS.release.xcconfig */ = {isa = PBXFileReference; includeInIndex = 1; lastKnownFileType = text.xcconfig; name = "Pods-FDMS.release.xcconfig"; path = "Pods/Target Support Files/Pods-FDMS/Pods-FDMS.release.xcconfig"; sourceTree = "<group>"; };
		554748551E8E37040083A687 /* Base */ = {isa = PBXFileReference; lastKnownFileType = text.plist.strings; name = Base; path = Localizable/Base.lproj/Localizable.strings; sourceTree = "<group>"; };
		554748581E8E37140083A687 /* ja */ = {isa = PBXFileReference; lastKnownFileType = text.plist.strings; name = ja; path = Localizable/ja.lproj/Localizable.strings; sourceTree = "<group>"; };
		554748621E8E39700083A687 /* Main.storyboard */ = {isa = PBXFileReference; fileEncoding = 4; lastKnownFileType = file.storyboard; path = Main.storyboard; sourceTree = "<group>"; };
		554748681E8E434A0083A687 /* LoginTableVC.swift */ = {isa = PBXFileReference; fileEncoding = 4; lastKnownFileType = sourcecode.swift; path = LoginTableVC.swift; sourceTree = "<group>"; };
		5547486A1E8E4BB80083A687 /* UIView+Extension.swift */ = {isa = PBXFileReference; fileEncoding = 4; lastKnownFileType = sourcecode.swift; path = "UIView+Extension.swift"; sourceTree = "<group>"; };
		555E44BA1E91FDC900153C61 /* LaunchScreen.storyboard */ = {isa = PBXFileReference; fileEncoding = 4; lastKnownFileType = file.storyboard; path = LaunchScreen.storyboard; sourceTree = "<group>"; };
		555E44BC1E91FE8E00153C61 /* MainTabBarController.swift */ = {isa = PBXFileReference; fileEncoding = 4; lastKnownFileType = sourcecode.swift; path = MainTabBarController.swift; sourceTree = "<group>"; };
		555E44C01E91FFD700153C61 /* UIStoryboard+Extension.swift */ = {isa = PBXFileReference; fileEncoding = 4; lastKnownFileType = sourcecode.swift; path = "UIStoryboard+Extension.swift"; sourceTree = "<group>"; };
		555E44C31E9200E900153C61 /* MiddleButton.xib */ = {isa = PBXFileReference; fileEncoding = 4; lastKnownFileType = file.xib; path = MiddleButton.xib; sourceTree = "<group>"; };
		555E44C51E92041500153C61 /* MiddleButton.swift */ = {isa = PBXFileReference; fileEncoding = 4; lastKnownFileType = sourcecode.swift; path = MiddleButton.swift; sourceTree = "<group>"; };
		555E44C71E920BE900153C61 /* DashboardTableVC.swift */ = {isa = PBXFileReference; fileEncoding = 4; lastKnownFileType = sourcecode.swift; path = DashboardTableVC.swift; sourceTree = "<group>"; };
		568C32C0B5E23CA303086DAB /* Pods-FDMS.debug.xcconfig */ = {isa = PBXFileReference; includeInIndex = 1; lastKnownFileType = text.xcconfig; name = "Pods-FDMS.debug.xcconfig"; path = "Pods/Target Support Files/Pods-FDMS/Pods-FDMS.debug.xcconfig"; sourceTree = "<group>"; };
		E1A1012508709A5EA0EDF8A2 /* Pods_FDMS.framework */ = {isa = PBXFileReference; explicitFileType = wrapper.framework; includeInIndex = 0; path = Pods_FDMS.framework; sourceTree = BUILT_PRODUCTS_DIR; };
/* End PBXFileReference section */

/* Begin PBXFrameworksBuildPhase section */
		11405D8A1E8CEF0D00E32F95 /* Frameworks */ = {
			isa = PBXFrameworksBuildPhase;
			buildActionMask = 2147483647;
			files = (
				C3D0F93851139161328E7A06 /* Pods_FDMS.framework in Frameworks */,
			);
			runOnlyForDeploymentPostprocessing = 0;
		};
/* End PBXFrameworksBuildPhase section */

/* Begin PBXGroup section */
		086AEE071E9F294D00D69F5E /* Request */ = {
			isa = PBXGroup;
			children = (
				086AEE081E9F294D00D69F5E /* ListRequestTableVC.swift */,
				086AEE0B1E9F294D00D69F5E /* RequestDetailVC.swift */,
				086AEE171E9F2AFD00D69F5E /* ManageRequestVC.swift */,
				086AEE1D1E9F660400D69F5E /* NewRequestVC.swift */,
				086AEE1F1E9F8BB100D69F5E /* AddRequestDeviceVC.swift */,
			);
			path = Request;
			sourceTree = "<group>";
		};
		086AEE101E9F298E00D69F5E /* Request */ = {
			isa = PBXGroup;
			children = (
				086AEE111E9F298E00D69F5E /* DeviceRequestCell.swift */,
				086AEE191E9F5A4D00D69F5E /* InfoDeviceRequestCell.swift */,
				086AEE1A1E9F5A4D00D69F5E /* InfoDeviceRequestCell.xib */,
			);
			path = Request;
			sourceTree = "<group>";
		};
		0891D7811E9B6AC800400F3C /* Helpers */ = {
			isa = PBXGroup;
			children = (
				0891D7841E9B6B3C00400F3C /* Constants.swift */,
			);
			path = Helpers;
			sourceTree = "<group>";
		};
		11405D841E8CEF0D00E32F95 = {
			isa = PBXGroup;
			children = (
				11405D8F1E8CEF0D00E32F95 /* FDMS */,
				11405D8E1E8CEF0D00E32F95 /* Products */,
				2F5837F8D7012F887CDC5FC0 /* Pods */,
				B7FEBBAB79851258ABFD74CE /* Frameworks */,
			);
			sourceTree = "<group>";
		};
		11405D8E1E8CEF0D00E32F95 /* Products */ = {
			isa = PBXGroup;
			children = (
				11405D8D1E8CEF0D00E32F95 /* FDMS.app */,
			);
			name = Products;
			path = ..;
			sourceTree = "<group>";
		};
		11405D8F1E8CEF0D00E32F95 /* FDMS */ = {
			isa = PBXGroup;
			children = (
				115A18FC1E97698300F828B0 /* Helpers */,
				554748421E8E33E60083A687 /* Extensions */,
				0891D7811E9B6AC800400F3C /* Helpers */,
				554748441E8E33E60083A687 /* Services */,
				554748431E8E33E60083A687 /* Models */,
				555E44C21E92008700153C61 /* CustomViews */,
				554748451E8E33E60083A687 /* Storyboards */,
				554748471E8E33E60083A687 /* ViewControllers */,
				554748461E8E33E60083A687 /* SupportedFiles */,
				11405D901E8CEF0D00E32F95 /* AppDelegate.swift */,
				11405D971E8CEF0D00E32F95 /* Assets.xcassets */,
				11405D9C1E8CEF0D00E32F95 /* Info.plist */,
			);
			path = FDMS;
			sourceTree = "<group>";
		};
		11577D021E9DC8BA00DE7E22 /* Device */ = {
			isa = PBXGroup;
			children = (
				11577D031E9DC8E000DE7E22 /* DeviceEditVC.swift */,
				11577D041E9DC8E000DE7E22 /* DeviceHistoryVC.swift */,
				11577D051E9DC8E000DE7E22 /* DeviceInfoContainerVC.swift */,
				11577D071E9DC8E000DE7E22 /* DeviceManagementVC.swift */,
				11577D0D1E9DC94C00DE7E22 /* DeviceUsingVC.swift */,
				11577D131E9DDE8600DE7E22 /* DeviceInfoVC.swift */,
			);
			path = Device;
			sourceTree = "<group>";
		};
		115A18FC1E97698300F828B0 /* Helpers */ = {
			isa = PBXGroup;
			children = (
				115A18FD1E9769C200F828B0 /* WindowManager.swift */,
			);
			path = Helpers;
			sourceTree = "<group>";
		};
		2F5837F8D7012F887CDC5FC0 /* Pods */ = {
			isa = PBXGroup;
			children = (
				568C32C0B5E23CA303086DAB /* Pods-FDMS.debug.xcconfig */,
				1D13EFA9067D9DEFF37DC5D2 /* Pods-FDMS.release.xcconfig */,
			);
			name = Pods;
			sourceTree = "<group>";
		};
		554748421E8E33E60083A687 /* Extensions */ = {
			isa = PBXGroup;
			children = (
				0863A3251EA062CC00039AAF /* UIViewController+Extension.swift */,
				11577D151E9DE8EF00DE7E22 /* String+Extension.swift */,
				5547486A1E8E4BB80083A687 /* UIView+Extension.swift */,
				555E44C01E91FFD700153C61 /* UIStoryboard+Extension.swift */,
			);
			path = Extensions;
			sourceTree = "<group>";
		};
		554748431E8E33E60083A687 /* Models */ = {
			isa = PBXGroup;
			children = (
			);
			path = Models;
			sourceTree = "<group>";
		};
		554748441E8E33E60083A687 /* Services */ = {
			isa = PBXGroup;
			children = (
			);
			path = Services;
			sourceTree = "<group>";
		};
		554748451E8E33E60083A687 /* Storyboards */ = {
			isa = PBXGroup;
			children = (
				555E44BA1E91FDC900153C61 /* LaunchScreen.storyboard */,
				554748621E8E39700083A687 /* Main.storyboard */,
				11577D111E9DD8E600DE7E22 /* Device.storyboard */,
				086A10FF1E9DE36E0007CA6A /* ManageRequest.storyboard */,
			);
			path = Storyboards;
			sourceTree = "<group>";
		};
		554748461E8E33E60083A687 /* SupportedFiles */ = {
			isa = PBXGroup;
			children = (
				554748541E8E37040083A687 /* Localizable.strings */,
			);
			path = SupportedFiles;
			sourceTree = "<group>";
		};
		554748471E8E33E60083A687 /* ViewControllers */ = {
			isa = PBXGroup;
			children = (
				11577D021E9DC8BA00DE7E22 /* Device */,
				086AEE071E9F294D00D69F5E /* Request */,
				554748681E8E434A0083A687 /* LoginTableVC.swift */,
				555E44BC1E91FE8E00153C61 /* MainTabBarController.swift */,
				555E44C71E920BE900153C61 /* DashboardTableVC.swift */,
				082C3BC71E976384008A4B81 /* FogetPasswordTableVC.swift */,
			);
			path = ViewControllers;
			sourceTree = "<group>";
		};
		555E44C21E92008700153C61 /* CustomViews */ = {
			isa = PBXGroup;
			children = (
				086AEE101E9F298E00D69F5E /* Request */,
				555E44C31E9200E900153C61 /* MiddleButton.xib */,
				555E44C51E92041500153C61 /* MiddleButton.swift */,
				0891D77B1E9B466000400F3C /* ButtonCell.swift */,
				0891D77C1E9B466000400F3C /* ButtonCell.xib */,
			);
			path = CustomViews;
			sourceTree = "<group>";
		};
		B7FEBBAB79851258ABFD74CE /* Frameworks */ = {
			isa = PBXGroup;
			children = (
				E1A1012508709A5EA0EDF8A2 /* Pods_FDMS.framework */,
			);
			name = Frameworks;
			sourceTree = "<group>";
		};
/* End PBXGroup section */

/* Begin PBXNativeTarget section */
		11405D8C1E8CEF0D00E32F95 /* FDMS */ = {
			isa = PBXNativeTarget;
			buildConfigurationList = 11405D9F1E8CEF0D00E32F95 /* Build configuration list for PBXNativeTarget "FDMS" */;
			buildPhases = (
				68327D741642DD7E6913E1E6 /* [CP] Check Pods Manifest.lock */,
				11405D891E8CEF0D00E32F95 /* Sources */,
				11405D8A1E8CEF0D00E32F95 /* Frameworks */,
				11405D8B1E8CEF0D00E32F95 /* Resources */,
				82B99877F3FC605B14AD5046 /* [CP] Embed Pods Frameworks */,
				4908AFBECE5B3C96DFD1AC1B /* [CP] Copy Pods Resources */,
			);
			buildRules = (
			);
			dependencies = (
			);
			name = FDMS;
			productName = FDMS;
			productReference = 11405D8D1E8CEF0D00E32F95 /* FDMS.app */;
			productType = "com.apple.product-type.application";
		};
/* End PBXNativeTarget section */

/* Begin PBXProject section */
		11405D851E8CEF0D00E32F95 /* Project object */ = {
			isa = PBXProject;
			attributes = {
				LastSwiftUpdateCheck = 0830;
				LastUpgradeCheck = 0830;
				ORGANIZATIONNAME = Framgia;
				TargetAttributes = {
					11405D8C1E8CEF0D00E32F95 = {
						CreatedOnToolsVersion = 8.3;
						DevelopmentTeam = K6ZTG96ZCP;
						ProvisioningStyle = Automatic;
					};
				};
			};
			buildConfigurationList = 11405D881E8CEF0D00E32F95 /* Build configuration list for PBXProject "FDMS" */;
			compatibilityVersion = "Xcode 3.2";
			developmentRegion = English;
			hasScannedForEncodings = 0;
			knownRegions = (
				en,
				Base,
				vi,
				ja,
			);
			mainGroup = 11405D841E8CEF0D00E32F95;
			productRefGroup = 11405D8E1E8CEF0D00E32F95 /* Products */;
			projectDirPath = "";
			projectRoot = "";
			targets = (
				11405D8C1E8CEF0D00E32F95 /* FDMS */,
			);
		};
/* End PBXProject section */

/* Begin PBXResourcesBuildPhase section */
		11405D8B1E8CEF0D00E32F95 /* Resources */ = {
			isa = PBXResourcesBuildPhase;
			buildActionMask = 2147483647;
			files = (
				554748631E8E39700083A687 /* Main.storyboard in Resources */,
				555E44BB1E91FDC900153C61 /* LaunchScreen.storyboard in Resources */,
				11577D121E9DD8E600DE7E22 /* Device.storyboard in Resources */,
				554748561E8E37040083A687 /* Localizable.strings in Resources */,
				0891D77E1E9B466000400F3C /* ButtonCell.xib in Resources */,
				086A11001E9DE36E0007CA6A /* ManageRequest.storyboard in Resources */,
				555E44C41E9200E900153C61 /* MiddleButton.xib in Resources */,
				11405D981E8CEF0D00E32F95 /* Assets.xcassets in Resources */,
				086AEE1C1E9F5A4D00D69F5E /* InfoDeviceRequestCell.xib in Resources */,
			);
			runOnlyForDeploymentPostprocessing = 0;
		};
/* End PBXResourcesBuildPhase section */

/* Begin PBXShellScriptBuildPhase section */
		4908AFBECE5B3C96DFD1AC1B /* [CP] Copy Pods Resources */ = {
			isa = PBXShellScriptBuildPhase;
			buildActionMask = 2147483647;
			files = (
			);
			inputPaths = (
			);
			name = "[CP] Copy Pods Resources";
			outputPaths = (
			);
			runOnlyForDeploymentPostprocessing = 0;
			shellPath = /bin/sh;
			shellScript = "\"${SRCROOT}/Pods/Target Support Files/Pods-FDMS/Pods-FDMS-resources.sh\"\n";
			showEnvVarsInLog = 0;
		};
		68327D741642DD7E6913E1E6 /* [CP] Check Pods Manifest.lock */ = {
			isa = PBXShellScriptBuildPhase;
			buildActionMask = 2147483647;
			files = (
			);
			inputPaths = (
			);
			name = "[CP] Check Pods Manifest.lock";
			outputPaths = (
			);
			runOnlyForDeploymentPostprocessing = 0;
			shellPath = /bin/sh;
			shellScript = "diff \"${PODS_ROOT}/../Podfile.lock\" \"${PODS_ROOT}/Manifest.lock\" > /dev/null\nif [ $? != 0 ] ; then\n    # print error to STDERR\n    echo \"error: The sandbox is not in sync with the Podfile.lock. Run 'pod install' or update your CocoaPods installation.\" >&2\n    exit 1\nfi\n";
			showEnvVarsInLog = 0;
		};
		82B99877F3FC605B14AD5046 /* [CP] Embed Pods Frameworks */ = {
			isa = PBXShellScriptBuildPhase;
			buildActionMask = 2147483647;
			files = (
			);
			inputPaths = (
			);
			name = "[CP] Embed Pods Frameworks";
			outputPaths = (
			);
			runOnlyForDeploymentPostprocessing = 0;
			shellPath = /bin/sh;
			shellScript = "\"${SRCROOT}/Pods/Target Support Files/Pods-FDMS/Pods-FDMS-frameworks.sh\"\n";
			showEnvVarsInLog = 0;
		};
/* End PBXShellScriptBuildPhase section */

/* Begin PBXSourcesBuildPhase section */
		11405D891E8CEF0D00E32F95 /* Sources */ = {
			isa = PBXSourcesBuildPhase;
			buildActionMask = 2147483647;
			files = (
				555E44C61E92041500153C61 /* MiddleButton.swift in Sources */,
				11577D0E1E9DC94C00DE7E22 /* DeviceUsingVC.swift in Sources */,
				086AEE0F1E9F294D00D69F5E /* RequestDetailVC.swift in Sources */,
				11577D0A1E9DC8E000DE7E22 /* DeviceInfoContainerVC.swift in Sources */,
				11405D911E8CEF0D00E32F95 /* AppDelegate.swift in Sources */,
				555E44BD1E91FE8E00153C61 /* MainTabBarController.swift in Sources */,
				5547486B1E8E4BB80083A687 /* UIView+Extension.swift in Sources */,
				554748691E8E434A0083A687 /* LoginTableVC.swift in Sources */,
				11577D161E9DE8EF00DE7E22 /* String+Extension.swift in Sources */,
				11577D091E9DC8E000DE7E22 /* DeviceHistoryVC.swift in Sources */,
				115A18FE1E9769C200F828B0 /* WindowManager.swift in Sources */,
				086AEE121E9F298E00D69F5E /* DeviceRequestCell.swift in Sources */,
				11577D141E9DDE8600DE7E22 /* DeviceInfoVC.swift in Sources */,
				0863A3261EA062CC00039AAF /* UIViewController+Extension.swift in Sources */,
				11577D081E9DC8E000DE7E22 /* DeviceEditVC.swift in Sources */,
				082C3BC81E976384008A4B81 /* FogetPasswordTableVC.swift in Sources */,
				086AEE201E9F8BB100D69F5E /* AddRequestDeviceVC.swift in Sources */,
				0891D77D1E9B466000400F3C /* ButtonCell.swift in Sources */,
				555E44C81E920BE900153C61 /* DashboardTableVC.swift in Sources */,
				555E44C11E91FFD700153C61 /* UIStoryboard+Extension.swift in Sources */,
				086AEE0C1E9F294D00D69F5E /* ListRequestTableVC.swift in Sources */,
				086AEE181E9F2AFD00D69F5E /* ManageRequestVC.swift in Sources */,
				086AEE1E1E9F660400D69F5E /* NewRequestVC.swift in Sources */,
				0891D7851E9B6B3C00400F3C /* Constants.swift in Sources */,
				086AEE1B1E9F5A4D00D69F5E /* InfoDeviceRequestCell.swift in Sources */,
			);
			runOnlyForDeploymentPostprocessing = 0;
		};
/* End PBXSourcesBuildPhase section */

/* Begin PBXVariantGroup section */
		554748541E8E37040083A687 /* Localizable.strings */ = {
			isa = PBXVariantGroup;
			children = (
				554748551E8E37040083A687 /* Base */,
				554748581E8E37140083A687 /* ja */,
			);
			name = Localizable.strings;
			sourceTree = "<group>";
		};
/* End PBXVariantGroup section */

/* Begin XCBuildConfiguration section */
		11405D9D1E8CEF0D00E32F95 /* Debug */ = {
			isa = XCBuildConfiguration;
			buildSettings = {
				ALWAYS_SEARCH_USER_PATHS = NO;
				CLANG_ANALYZER_LOCALIZABILITY_NONLOCALIZED = YES;
				CLANG_ANALYZER_NONNULL = YES;
				CLANG_ANALYZER_NUMBER_OBJECT_CONVERSION = YES_AGGRESSIVE;
				CLANG_CXX_LANGUAGE_STANDARD = "gnu++0x";
				CLANG_CXX_LIBRARY = "libc++";
				CLANG_ENABLE_MODULES = YES;
				CLANG_ENABLE_OBJC_ARC = YES;
				CLANG_WARN_BOOL_CONVERSION = YES;
				CLANG_WARN_CONSTANT_CONVERSION = YES;
				CLANG_WARN_DIRECT_OBJC_ISA_USAGE = YES_ERROR;
				CLANG_WARN_DOCUMENTATION_COMMENTS = YES;
				CLANG_WARN_EMPTY_BODY = YES;
				CLANG_WARN_ENUM_CONVERSION = YES;
				CLANG_WARN_INFINITE_RECURSION = YES;
				CLANG_WARN_INT_CONVERSION = YES;
				CLANG_WARN_OBJC_ROOT_CLASS = YES_ERROR;
				CLANG_WARN_SUSPICIOUS_MOVE = YES;
				CLANG_WARN_UNREACHABLE_CODE = YES;
				CLANG_WARN__DUPLICATE_METHOD_MATCH = YES;
				"CODE_SIGN_IDENTITY[sdk=iphoneos*]" = "iPhone Developer";
				COPY_PHASE_STRIP = NO;
				DEBUG_INFORMATION_FORMAT = dwarf;
				ENABLE_STRICT_OBJC_MSGSEND = YES;
				ENABLE_TESTABILITY = YES;
				GCC_C_LANGUAGE_STANDARD = gnu99;
				GCC_DYNAMIC_NO_PIC = NO;
				GCC_NO_COMMON_BLOCKS = YES;
				GCC_OPTIMIZATION_LEVEL = 0;
				GCC_PREPROCESSOR_DEFINITIONS = (
					"DEBUG=1",
					"$(inherited)",
				);
				GCC_WARN_64_TO_32_BIT_CONVERSION = YES;
				GCC_WARN_ABOUT_RETURN_TYPE = YES_ERROR;
				GCC_WARN_UNDECLARED_SELECTOR = YES;
				GCC_WARN_UNINITIALIZED_AUTOS = YES_AGGRESSIVE;
				GCC_WARN_UNUSED_FUNCTION = YES;
				GCC_WARN_UNUSED_VARIABLE = YES;
				IPHONEOS_DEPLOYMENT_TARGET = 10.3;
				MTL_ENABLE_DEBUG_INFO = YES;
				ONLY_ACTIVE_ARCH = YES;
				SDKROOT = iphoneos;
				SWIFT_ACTIVE_COMPILATION_CONDITIONS = DEBUG;
				SWIFT_OPTIMIZATION_LEVEL = "-Onone";
				TARGETED_DEVICE_FAMILY = "1,2";
			};
			name = Debug;
		};
		11405D9E1E8CEF0D00E32F95 /* Release */ = {
			isa = XCBuildConfiguration;
			buildSettings = {
				ALWAYS_SEARCH_USER_PATHS = NO;
				CLANG_ANALYZER_LOCALIZABILITY_NONLOCALIZED = YES;
				CLANG_ANALYZER_NONNULL = YES;
				CLANG_ANALYZER_NUMBER_OBJECT_CONVERSION = YES_AGGRESSIVE;
				CLANG_CXX_LANGUAGE_STANDARD = "gnu++0x";
				CLANG_CXX_LIBRARY = "libc++";
				CLANG_ENABLE_MODULES = YES;
				CLANG_ENABLE_OBJC_ARC = YES;
				CLANG_WARN_BOOL_CONVERSION = YES;
				CLANG_WARN_CONSTANT_CONVERSION = YES;
				CLANG_WARN_DIRECT_OBJC_ISA_USAGE = YES_ERROR;
				CLANG_WARN_DOCUMENTATION_COMMENTS = YES;
				CLANG_WARN_EMPTY_BODY = YES;
				CLANG_WARN_ENUM_CONVERSION = YES;
				CLANG_WARN_INFINITE_RECURSION = YES;
				CLANG_WARN_INT_CONVERSION = YES;
				CLANG_WARN_OBJC_ROOT_CLASS = YES_ERROR;
				CLANG_WARN_SUSPICIOUS_MOVE = YES;
				CLANG_WARN_UNREACHABLE_CODE = YES;
				CLANG_WARN__DUPLICATE_METHOD_MATCH = YES;
				"CODE_SIGN_IDENTITY[sdk=iphoneos*]" = "iPhone Developer";
				COPY_PHASE_STRIP = NO;
				DEBUG_INFORMATION_FORMAT = "dwarf-with-dsym";
				ENABLE_NS_ASSERTIONS = NO;
				ENABLE_STRICT_OBJC_MSGSEND = YES;
				GCC_C_LANGUAGE_STANDARD = gnu99;
				GCC_NO_COMMON_BLOCKS = YES;
				GCC_WARN_64_TO_32_BIT_CONVERSION = YES;
				GCC_WARN_ABOUT_RETURN_TYPE = YES_ERROR;
				GCC_WARN_UNDECLARED_SELECTOR = YES;
				GCC_WARN_UNINITIALIZED_AUTOS = YES_AGGRESSIVE;
				GCC_WARN_UNUSED_FUNCTION = YES;
				GCC_WARN_UNUSED_VARIABLE = YES;
				IPHONEOS_DEPLOYMENT_TARGET = 10.3;
				MTL_ENABLE_DEBUG_INFO = NO;
				SDKROOT = iphoneos;
				SWIFT_OPTIMIZATION_LEVEL = "-Owholemodule";
				TARGETED_DEVICE_FAMILY = "1,2";
				VALIDATE_PRODUCT = YES;
			};
			name = Release;
		};
		11405DA01E8CEF0D00E32F95 /* Debug */ = {
			isa = XCBuildConfiguration;
			baseConfigurationReference = 568C32C0B5E23CA303086DAB /* Pods-FDMS.debug.xcconfig */;
			buildSettings = {
				ASSETCATALOG_COMPILER_APPICON_NAME = AppIcon;
				DEVELOPMENT_TEAM = K6ZTG96ZCP;
				INFOPLIST_FILE = FDMS/Info.plist;
				IPHONEOS_DEPLOYMENT_TARGET = 9.0;
				LD_RUNPATH_SEARCH_PATHS = "$(inherited) @executable_path/Frameworks";
				PRODUCT_BUNDLE_IDENTIFIER = com.framgia.FDMS;
				PRODUCT_NAME = "$(TARGET_NAME)";
				SWIFT_VERSION = 3.0;
				TARGETED_DEVICE_FAMILY = 1;
			};
			name = Debug;
		};
		11405DA11E8CEF0D00E32F95 /* Release */ = {
			isa = XCBuildConfiguration;
			baseConfigurationReference = 1D13EFA9067D9DEFF37DC5D2 /* Pods-FDMS.release.xcconfig */;
			buildSettings = {
				ASSETCATALOG_COMPILER_APPICON_NAME = AppIcon;
				DEVELOPMENT_TEAM = K6ZTG96ZCP;
				INFOPLIST_FILE = FDMS/Info.plist;
				IPHONEOS_DEPLOYMENT_TARGET = 9.0;
				LD_RUNPATH_SEARCH_PATHS = "$(inherited) @executable_path/Frameworks";
				PRODUCT_BUNDLE_IDENTIFIER = com.framgia.FDMS;
				PRODUCT_NAME = "$(TARGET_NAME)";
				SWIFT_VERSION = 3.0;
				TARGETED_DEVICE_FAMILY = 1;
			};
			name = Release;
		};
/* End XCBuildConfiguration section */

/* Begin XCConfigurationList section */
		11405D881E8CEF0D00E32F95 /* Build configuration list for PBXProject "FDMS" */ = {
			isa = XCConfigurationList;
			buildConfigurations = (
				11405D9D1E8CEF0D00E32F95 /* Debug */,
				11405D9E1E8CEF0D00E32F95 /* Release */,
			);
			defaultConfigurationIsVisible = 0;
			defaultConfigurationName = Release;
		};
		11405D9F1E8CEF0D00E32F95 /* Build configuration list for PBXNativeTarget "FDMS" */ = {
			isa = XCConfigurationList;
			buildConfigurations = (
				11405DA01E8CEF0D00E32F95 /* Debug */,
				11405DA11E8CEF0D00E32F95 /* Release */,
			);
			defaultConfigurationIsVisible = 0;
			defaultConfigurationName = Release;
		};
/* End XCConfigurationList section */
	};
	rootObject = 11405D851E8CEF0D00E32F95 /* Project object */;
}
